// !$*UTF8*$!
{
	archiveVersion = 1;
	classes = {
	};
	objectVersion = 46;
	objects = {

/* Begin PBXBuildFile section */
		46E071761DF12975EFD03942 /* libPods-General.a in Frameworks */ = {isa = PBXBuildFile; fileRef = EF36E68C2C48642E6B7D2D83 /* libPods-General.a */; };
		E708F3251D703FE40050FF34 /* UIView+Category.m in Sources */ = {isa = PBXBuildFile; fileRef = E708F3241D703FE40050FF34 /* UIView+Category.m */; };
		E72ACC711D6EDFC7001ACE21 /* AppDatabase.m in Sources */ = {isa = PBXBuildFile; fileRef = E72ACC651D6EDFC7001ACE21 /* AppDatabase.m */; settings = {COMPILER_FLAGS = "-fno-objc-arc"; }; };
		E72ACC721D6EDFC7001ACE21 /* MojoDatabase.m in Sources */ = {isa = PBXBuildFile; fileRef = E72ACC671D6EDFC7001ACE21 /* MojoDatabase.m */; settings = {COMPILER_FLAGS = "-fno-objc-arc"; }; };
		E72ACC731D6EDFC7001ACE21 /* MojoModel.m in Sources */ = {isa = PBXBuildFile; fileRef = E72ACC691D6EDFC7001ACE21 /* MojoModel.m */; settings = {COMPILER_FLAGS = "-fno-objc-arc"; }; };
		E72ACC751D6EE0BC001ACE21 /* libsqlite3.0.tbd in Frameworks */ = {isa = PBXBuildFile; fileRef = E72ACC741D6EE0BC001ACE21 /* libsqlite3.0.tbd */; };
		E72ACC941D6EE28A001ACE21 /* AppDelegate.m in Sources */ = {isa = PBXBuildFile; fileRef = E72ACC8B1D6EE28A001ACE21 /* AppDelegate.m */; };
		E72ACC951D6EE28A001ACE21 /* Assets.xcassets in Resources */ = {isa = PBXBuildFile; fileRef = E72ACC8C1D6EE28A001ACE21 /* Assets.xcassets */; };
		E72ACC961D6EE28A001ACE21 /* LaunchScreen.storyboard in Resources */ = {isa = PBXBuildFile; fileRef = E72ACC8D1D6EE28A001ACE21 /* LaunchScreen.storyboard */; };
		E72ACC971D6EE28A001ACE21 /* Main.storyboard in Resources */ = {isa = PBXBuildFile; fileRef = E72ACC8F1D6EE28A001ACE21 /* Main.storyboard */; };
		E72ACC981D6EE28A001ACE21 /* main.m in Sources */ = {isa = PBXBuildFile; fileRef = E72ACC911D6EE28A001ACE21 /* main.m */; };
		E72ACC991D6EE28A001ACE21 /* ViewController.m in Sources */ = {isa = PBXBuildFile; fileRef = E72ACC931D6EE28A001ACE21 /* ViewController.m */; };
		E72ACC9B1D6EE2A1001ACE21 /* Info.plist in Resources */ = {isa = PBXBuildFile; fileRef = E72ACC9A1D6EE2A1001ACE21 /* Info.plist */; };
		E78AB04B1D7562F100DA1939 /* UIViewController+Category.m in Sources */ = {isa = PBXBuildFile; fileRef = E78AB04A1D7562F100DA1939 /* UIViewController+Category.m */; };
		E78AB0511D75A93900DA1939 /* SZMeViewController.m in Sources */ = {isa = PBXBuildFile; fileRef = E78AB0501D75A93900DA1939 /* SZMeViewController.m */; };
		E78AB0541D75A94900DA1939 /* SZHomeViewController.m in Sources */ = {isa = PBXBuildFile; fileRef = E78AB0531D75A94900DA1939 /* SZHomeViewController.m */; };
		E78AB0591D75AA6A00DA1939 /* SZNavigationController.m in Sources */ = {isa = PBXBuildFile; fileRef = E78AB0581D75AA6A00DA1939 /* SZNavigationController.m */; };
/* End PBXBuildFile section */

/* Begin PBXFileReference section */
		A18728D8AE4C8722CE01BB23 /* Pods-General.debug.xcconfig */ = {isa = PBXFileReference; includeInIndex = 1; lastKnownFileType = text.xcconfig; name = "Pods-General.debug.xcconfig"; path = "../Pods/Target Support Files/Pods-General/Pods-General.debug.xcconfig"; sourceTree = "<group>"; };
		E55B4B214EB6F693BDDA8B36 /* Pods-General.release.xcconfig */ = {isa = PBXFileReference; includeInIndex = 1; lastKnownFileType = text.xcconfig; name = "Pods-General.release.xcconfig"; path = "../Pods/Target Support Files/Pods-General/Pods-General.release.xcconfig"; sourceTree = "<group>"; };
		E708F3231D703FE40050FF34 /* UIView+Category.h */ = {isa = PBXFileReference; fileEncoding = 4; lastKnownFileType = sourcecode.c.h; path = "UIView+Category.h"; sourceTree = "<group>"; };
		E708F3241D703FE40050FF34 /* UIView+Category.m */ = {isa = PBXFileReference; fileEncoding = 4; lastKnownFileType = sourcecode.c.objc; path = "UIView+Category.m"; sourceTree = "<group>"; };
		E72ACC181D6EC362001ACE21 /* General.app */ = {isa = PBXFileReference; explicitFileType = wrapper.application; includeInIndex = 0; path = General.app; sourceTree = BUILT_PRODUCTS_DIR; };
		E72ACC641D6EDFC7001ACE21 /* AppDatabase.h */ = {isa = PBXFileReference; fileEncoding = 4; lastKnownFileType = sourcecode.c.h; path = AppDatabase.h; sourceTree = "<group>"; };
		E72ACC651D6EDFC7001ACE21 /* AppDatabase.m */ = {isa = PBXFileReference; fileEncoding = 4; lastKnownFileType = sourcecode.c.objc; path = AppDatabase.m; sourceTree = "<group>"; };
		E72ACC661D6EDFC7001ACE21 /* MojoDatabase.h */ = {isa = PBXFileReference; fileEncoding = 4; lastKnownFileType = sourcecode.c.h; path = MojoDatabase.h; sourceTree = "<group>"; };
		E72ACC671D6EDFC7001ACE21 /* MojoDatabase.m */ = {isa = PBXFileReference; fileEncoding = 4; lastKnownFileType = sourcecode.c.objc; path = MojoDatabase.m; sourceTree = "<group>"; };
		E72ACC681D6EDFC7001ACE21 /* MojoModel.h */ = {isa = PBXFileReference; fileEncoding = 4; lastKnownFileType = sourcecode.c.h; path = MojoModel.h; sourceTree = "<group>"; };
		E72ACC691D6EDFC7001ACE21 /* MojoModel.m */ = {isa = PBXFileReference; fileEncoding = 4; lastKnownFileType = sourcecode.c.objc; path = MojoModel.m; sourceTree = "<group>"; };
		E72ACC741D6EE0BC001ACE21 /* libsqlite3.0.tbd */ = {isa = PBXFileReference; lastKnownFileType = "sourcecode.text-based-dylib-definition"; name = libsqlite3.0.tbd; path = usr/lib/libsqlite3.0.tbd; sourceTree = SDKROOT; };
		E72ACC8A1D6EE28A001ACE21 /* AppDelegate.h */ = {isa = PBXFileReference; fileEncoding = 4; lastKnownFileType = sourcecode.c.h; path = AppDelegate.h; sourceTree = "<group>"; };
		E72ACC8B1D6EE28A001ACE21 /* AppDelegate.m */ = {isa = PBXFileReference; fileEncoding = 4; lastKnownFileType = sourcecode.c.objc; path = AppDelegate.m; sourceTree = "<group>"; };
		E72ACC8C1D6EE28A001ACE21 /* Assets.xcassets */ = {isa = PBXFileReference; lastKnownFileType = folder.assetcatalog; path = Assets.xcassets; sourceTree = "<group>"; };
		E72ACC8E1D6EE28A001ACE21 /* Base */ = {isa = PBXFileReference; lastKnownFileType = file.storyboard; name = Base; path = Base.lproj/LaunchScreen.storyboard; sourceTree = "<group>"; };
		E72ACC901D6EE28A001ACE21 /* Base */ = {isa = PBXFileReference; lastKnownFileType = file.storyboard; name = Base; path = Base.lproj/Main.storyboard; sourceTree = "<group>"; };
		E72ACC911D6EE28A001ACE21 /* main.m */ = {isa = PBXFileReference; fileEncoding = 4; lastKnownFileType = sourcecode.c.objc; path = main.m; sourceTree = "<group>"; };
		E72ACC921D6EE28A001ACE21 /* ViewController.h */ = {isa = PBXFileReference; fileEncoding = 4; lastKnownFileType = sourcecode.c.h; path = ViewController.h; sourceTree = "<group>"; };
		E72ACC931D6EE28A001ACE21 /* ViewController.m */ = {isa = PBXFileReference; fileEncoding = 4; lastKnownFileType = sourcecode.c.objc; path = ViewController.m; sourceTree = "<group>"; };
		E72ACC9A1D6EE2A1001ACE21 /* Info.plist */ = {isa = PBXFileReference; fileEncoding = 4; lastKnownFileType = text.plist.xml; name = Info.plist; path = General/Info.plist; sourceTree = SOURCE_ROOT; };
		E72ACCAD1D7036B7001ACE21 /* GeneralMacro.pch */ = {isa = PBXFileReference; fileEncoding = 4; lastKnownFileType = sourcecode.c.h; path = GeneralMacro.pch; sourceTree = "<group>"; };
		E7531A141D744BD2006906F0 /* Category.h */ = {isa = PBXFileReference; fileEncoding = 4; lastKnownFileType = sourcecode.c.h; path = Category.h; sourceTree = "<group>"; };
		E7548FA51D751B200013B3D8 /* HeaderFile.h */ = {isa = PBXFileReference; fileEncoding = 4; lastKnownFileType = sourcecode.c.h; path = HeaderFile.h; sourceTree = "<group>"; };
		E7548FA61D751B730013B3D8 /* ShortCutMacro.h */ = {isa = PBXFileReference; fileEncoding = 4; lastKnownFileType = sourcecode.c.h; path = ShortCutMacro.h; sourceTree = "<group>"; };
		E7548FA71D751C950013B3D8 /* Link.h */ = {isa = PBXFileReference; fileEncoding = 4; lastKnownFileType = sourcecode.c.h; path = Link.h; sourceTree = "<group>"; };
		E7548FA81D751CAA0013B3D8 /* Const.h */ = {isa = PBXFileReference; lastKnownFileType = sourcecode.c.h; path = Const.h; sourceTree = "<group>"; };
		E78AB0491D7562F100DA1939 /* UIViewController+Category.h */ = {isa = PBXFileReference; fileEncoding = 4; lastKnownFileType = sourcecode.c.h; path = "UIViewController+Category.h"; sourceTree = "<group>"; };
		E78AB04A1D7562F100DA1939 /* UIViewController+Category.m */ = {isa = PBXFileReference; fileEncoding = 4; lastKnownFileType = sourcecode.c.objc; path = "UIViewController+Category.m"; sourceTree = "<group>"; };
		E78AB04F1D75A93900DA1939 /* SZMeViewController.h */ = {isa = PBXFileReference; fileEncoding = 4; lastKnownFileType = sourcecode.c.h; path = SZMeViewController.h; sourceTree = "<group>"; };
		E78AB0501D75A93900DA1939 /* SZMeViewController.m */ = {isa = PBXFileReference; fileEncoding = 4; lastKnownFileType = sourcecode.c.objc; path = SZMeViewController.m; sourceTree = "<group>"; };
		E78AB0521D75A94900DA1939 /* SZHomeViewController.h */ = {isa = PBXFileReference; fileEncoding = 4; lastKnownFileType = sourcecode.c.h; path = SZHomeViewController.h; sourceTree = "<group>"; };
		E78AB0531D75A94900DA1939 /* SZHomeViewController.m */ = {isa = PBXFileReference; fileEncoding = 4; lastKnownFileType = sourcecode.c.objc; path = SZHomeViewController.m; sourceTree = "<group>"; };
		E78AB0571D75AA6A00DA1939 /* SZNavigationController.h */ = {isa = PBXFileReference; fileEncoding = 4; lastKnownFileType = sourcecode.c.h; path = SZNavigationController.h; sourceTree = "<group>"; };
		E78AB0581D75AA6A00DA1939 /* SZNavigationController.m */ = {isa = PBXFileReference; fileEncoding = 4; lastKnownFileType = sourcecode.c.objc; path = SZNavigationController.m; sourceTree = "<group>"; };
		EF36E68C2C48642E6B7D2D83 /* libPods-General.a */ = {isa = PBXFileReference; explicitFileType = archive.ar; includeInIndex = 0; path = "libPods-General.a"; sourceTree = BUILT_PRODUCTS_DIR; };
/* End PBXFileReference section */

/* Begin PBXFrameworksBuildPhase section */
		E72ACC151D6EC362001ACE21 /* Frameworks */ = {
			isa = PBXFrameworksBuildPhase;
			buildActionMask = 2147483647;
			files = (
				E72ACC751D6EE0BC001ACE21 /* libsqlite3.0.tbd in Frameworks */,
				46E071761DF12975EFD03942 /* libPods-General.a in Frameworks */,
			);
			runOnlyForDeploymentPostprocessing = 0;
		};
/* End PBXFrameworksBuildPhase section */

/* Begin PBXGroup section */
		044E586084C90995F3642293 /* Frameworks */ = {
			isa = PBXGroup;
			children = (
				E72ACC741D6EE0BC001ACE21 /* libsqlite3.0.tbd */,
				EF36E68C2C48642E6B7D2D83 /* libPods-General.a */,
			);
			name = Frameworks;
			sourceTree = "<group>";
		};
		61315F4C66243D0C1F9C1811 /* Pods */ = {
			isa = PBXGroup;
			children = (
				A18728D8AE4C8722CE01BB23 /* Pods-General.debug.xcconfig */,
				E55B4B214EB6F693BDDA8B36 /* Pods-General.release.xcconfig */,
			);
			name = Pods;
			sourceTree = "<group>";
		};
		E708F3221D703FCD0050FF34 /* Category */ = {
			isa = PBXGroup;
			children = (
				E708F3231D703FE40050FF34 /* UIView+Category.h */,
				E708F3241D703FE40050FF34 /* UIView+Category.m */,
				E78AB0491D7562F100DA1939 /* UIViewController+Category.h */,
				E78AB04A1D7562F100DA1939 /* UIViewController+Category.m */,
			);
			path = Category;
			sourceTree = "<group>";
		};
		E72ACC0F1D6EC362001ACE21 = {
			isa = PBXGroup;
			children = (
				E72ACC1A1D6EC362001ACE21 /* General */,
				E72ACC191D6EC362001ACE21 /* Products */,
				61315F4C66243D0C1F9C1811 /* Pods */,
				044E586084C90995F3642293 /* Frameworks */,
			);
			sourceTree = "<group>";
		};
		E72ACC191D6EC362001ACE21 /* Products */ = {
			isa = PBXGroup;
			children = (
				E72ACC181D6EC362001ACE21 /* General.app */,
			);
			name = Products;
			sourceTree = "<group>";
		};
		E72ACC1A1D6EC362001ACE21 /* General */ = {
			isa = PBXGroup;
			children = (
				E78AB04C1D75A8D300DA1939 /* Main */,
				E72ACC891D6EE28A001ACE21 /* Other */,
				E72ACC551D6EDFC7001ACE21 /* Expend */,
				E72ACC621D6EDFC7001ACE21 /* Vender */,
			);
			path = General;
			sourceTree = "<group>";
		};
		E72ACC551D6EDFC7001ACE21 /* Expend */ = {
			isa = PBXGroup;
			children = (
				E708F3221D703FCD0050FF34 /* Category */,
				E72ACCAC1D703677001ACE21 /* Macros */,
			);
			path = Expend;
			sourceTree = "<group>";
		};
		E72ACC621D6EDFC7001ACE21 /* Vender */ = {
			isa = PBXGroup;
			children = (
				E72ACC631D6EDFC7001ACE21 /* MojoDatabase */,
			);
			path = Vender;
			sourceTree = "<group>";
		};
		E72ACC631D6EDFC7001ACE21 /* MojoDatabase */ = {
			isa = PBXGroup;
			children = (
				E72ACC641D6EDFC7001ACE21 /* AppDatabase.h */,
				E72ACC651D6EDFC7001ACE21 /* AppDatabase.m */,
				E72ACC661D6EDFC7001ACE21 /* MojoDatabase.h */,
				E72ACC671D6EDFC7001ACE21 /* MojoDatabase.m */,
				E72ACC681D6EDFC7001ACE21 /* MojoModel.h */,
				E72ACC691D6EDFC7001ACE21 /* MojoModel.m */,
			);
			path = MojoDatabase;
			sourceTree = "<group>";
		};
		E72ACC891D6EE28A001ACE21 /* Other */ = {
			isa = PBXGroup;
			children = (
				E72ACC9A1D6EE2A1001ACE21 /* Info.plist */,
				E72ACC8A1D6EE28A001ACE21 /* AppDelegate.h */,
				E72ACC8B1D6EE28A001ACE21 /* AppDelegate.m */,
				E72ACC8C1D6EE28A001ACE21 /* Assets.xcassets */,
				E72ACC8D1D6EE28A001ACE21 /* LaunchScreen.storyboard */,
				E72ACC8F1D6EE28A001ACE21 /* Main.storyboard */,
				E72ACC911D6EE28A001ACE21 /* main.m */,
				E72ACC921D6EE28A001ACE21 /* ViewController.h */,
				E72ACC931D6EE28A001ACE21 /* ViewController.m */,
			);
			path = Other;
			sourceTree = "<group>";
		};
		E72ACCAC1D703677001ACE21 /* Macros */ = {
			isa = PBXGroup;
			children = (
				E72ACCAD1D7036B7001ACE21 /* GeneralMacro.pch */,
				E7531A141D744BD2006906F0 /* Category.h */,
				E7548FA51D751B200013B3D8 /* HeaderFile.h */,
				E7548FA61D751B730013B3D8 /* ShortCutMacro.h */,
				E7548FA71D751C950013B3D8 /* Link.h */,
				E7548FA81D751CAA0013B3D8 /* Const.h */,
			);
			path = Macros;
			sourceTree = "<group>";
		};
		E78AB04C1D75A8D300DA1939 /* Main */ = {
			isa = PBXGroup;
			children = (
				E78AB0561D75AA3200DA1939 /* Other */,
				E78AB04D1D75A8D300DA1939 /* Home */,
				E78AB04E1D75A8D300DA1939 /* Me */,
			);
			path = Main;
			sourceTree = "<group>";
		};
		E78AB04D1D75A8D300DA1939 /* Home */ = {
			isa = PBXGroup;
			children = (
				E78AB0521D75A94900DA1939 /* SZHomeViewController.h */,
				E78AB0531D75A94900DA1939 /* SZHomeViewController.m */,
			);
			path = Home;
			sourceTree = "<group>";
		};
		E78AB04E1D75A8D300DA1939 /* Me */ = {
			isa = PBXGroup;
			children = (
				E78AB04F1D75A93900DA1939 /* SZMeViewController.h */,
				E78AB0501D75A93900DA1939 /* SZMeViewController.m */,
			);
			path = Me;
			sourceTree = "<group>";
		};
		E78AB0561D75AA3200DA1939 /* Other */ = {
			isa = PBXGroup;
			children = (
				E78AB0571D75AA6A00DA1939 /* SZNavigationController.h */,
				E78AB0581D75AA6A00DA1939 /* SZNavigationController.m */,
			);
			path = Other;
			sourceTree = "<group>";
		};
/* End PBXGroup section */

/* Begin PBXNativeTarget section */
		E72ACC171D6EC362001ACE21 /* General */ = {
			isa = PBXNativeTarget;
			buildConfigurationList = E72ACC2F1D6EC362001ACE21 /* Build configuration list for PBXNativeTarget "General" */;
			buildPhases = (
				D779D41A585BBF64A910B462 /* [CP] Check Pods Manifest.lock */,
				E72ACC141D6EC362001ACE21 /* Sources */,
				E72ACC151D6EC362001ACE21 /* Frameworks */,
				E72ACC161D6EC362001ACE21 /* Resources */,
				DA00AAAB98D8ED4D954FB7FD /* [CP] Embed Pods Frameworks */,
				ED3D3672EE4F4D03C653D785 /* [CP] Copy Pods Resources */,
			);
			buildRules = (
			);
			dependencies = (
			);
			name = General;
			productName = General;
			productReference = E72ACC181D6EC362001ACE21 /* General.app */;
			productType = "com.apple.product-type.application";
		};
/* End PBXNativeTarget section */

/* Begin PBXProject section */
		E72ACC101D6EC362001ACE21 /* Project object */ = {
			isa = PBXProject;
			attributes = {
				LastUpgradeCheck = 0730;
				ORGANIZATIONNAME = Huang;
				TargetAttributes = {
					E72ACC171D6EC362001ACE21 = {
						CreatedOnToolsVersion = 7.3.1;
					};
				};
			};
			buildConfigurationList = E72ACC131D6EC362001ACE21 /* Build configuration list for PBXProject "General" */;
			compatibilityVersion = "Xcode 3.2";
			developmentRegion = English;
			hasScannedForEncodings = 0;
			knownRegions = (
				en,
				Base,
			);
			mainGroup = E72ACC0F1D6EC362001ACE21;
			productRefGroup = E72ACC191D6EC362001ACE21 /* Products */;
			projectDirPath = "";
			projectRoot = "";
			targets = (
				E72ACC171D6EC362001ACE21 /* General */,
			);
		};
/* End PBXProject section */

/* Begin PBXResourcesBuildPhase section */
		E72ACC161D6EC362001ACE21 /* Resources */ = {
			isa = PBXResourcesBuildPhase;
			buildActionMask = 2147483647;
			files = (
				E72ACC9B1D6EE2A1001ACE21 /* Info.plist in Resources */,
				E72ACC971D6EE28A001ACE21 /* Main.storyboard in Resources */,
				E72ACC951D6EE28A001ACE21 /* Assets.xcassets in Resources */,
				E72ACC961D6EE28A001ACE21 /* LaunchScreen.storyboard in Resources */,
			);
			runOnlyForDeploymentPostprocessing = 0;
		};
/* End PBXResourcesBuildPhase section */

/* Begin PBXShellScriptBuildPhase section */
		D779D41A585BBF64A910B462 /* [CP] Check Pods Manifest.lock */ = {
			isa = PBXShellScriptBuildPhase;
			buildActionMask = 2147483647;
			files = (
			);
			inputPaths = (
			);
			name = "[CP] Check Pods Manifest.lock";
			outputPaths = (
			);
			runOnlyForDeploymentPostprocessing = 0;
			shellPath = /bin/sh;
			shellScript = "diff \"${PODS_ROOT}/../Podfile.lock\" \"${PODS_ROOT}/Manifest.lock\" > /dev/null\nif [[ $? != 0 ]] ; then\n    cat << EOM\nerror: The sandbox is not in sync with the Podfile.lock. Run 'pod install' or update your CocoaPods installation.\nEOM\n    exit 1\nfi\n";
			showEnvVarsInLog = 0;
		};
		DA00AAAB98D8ED4D954FB7FD /* [CP] Embed Pods Frameworks */ = {
			isa = PBXShellScriptBuildPhase;
			buildActionMask = 2147483647;
			files = (
			);
			inputPaths = (
			);
			name = "[CP] Embed Pods Frameworks";
			outputPaths = (
			);
			runOnlyForDeploymentPostprocessing = 0;
			shellPath = /bin/sh;
			shellScript = "\"${SRCROOT}/../Pods/Target Support Files/Pods-General/Pods-General-frameworks.sh\"\n";
			showEnvVarsInLog = 0;
		};
		ED3D3672EE4F4D03C653D785 /* [CP] Copy Pods Resources */ = {
			isa = PBXShellScriptBuildPhase;
			buildActionMask = 2147483647;
			files = (
			);
			inputPaths = (
			);
			name = "[CP] Copy Pods Resources";
			outputPaths = (
			);
			runOnlyForDeploymentPostprocessing = 0;
			shellPath = /bin/sh;
			shellScript = "\"${SRCROOT}/../Pods/Target Support Files/Pods-General/Pods-General-resources.sh\"\n";
			showEnvVarsInLog = 0;
		};
/* End PBXShellScriptBuildPhase section */

/* Begin PBXSourcesBuildPhase section */
		E72ACC141D6EC362001ACE21 /* Sources */ = {
			isa = PBXSourcesBuildPhase;
			buildActionMask = 2147483647;
			files = (
				E72ACC991D6EE28A001ACE21 /* ViewController.m in Sources */,
				E78AB0511D75A93900DA1939 /* SZMeViewController.m in Sources */,
				E708F3251D703FE40050FF34 /* UIView+Category.m in Sources */,
				E72ACC981D6EE28A001ACE21 /* main.m in Sources */,
				E78AB04B1D7562F100DA1939 /* UIViewController+Category.m in Sources */,
				E78AB0591D75AA6A00DA1939 /* SZNavigationController.m in Sources */,
				E72ACC941D6EE28A001ACE21 /* AppDelegate.m in Sources */,
				E78AB0541D75A94900DA1939 /* SZHomeViewController.m in Sources */,
				E72ACC731D6EDFC7001ACE21 /* MojoModel.m in Sources */,
				E72ACC721D6EDFC7001ACE21 /* MojoDatabase.m in Sources */,
				E72ACC711D6EDFC7001ACE21 /* AppDatabase.m in Sources */,
			);
			runOnlyForDeploymentPostprocessing = 0;
		};
/* End PBXSourcesBuildPhase section */

/* Begin PBXVariantGroup section */
		E72ACC8D1D6EE28A001ACE21 /* LaunchScreen.storyboard */ = {
			isa = PBXVariantGroup;
			children = (
				E72ACC8E1D6EE28A001ACE21 /* Base */,
			);
			name = LaunchScreen.storyboard;
			sourceTree = "<group>";
		};
		E72ACC8F1D6EE28A001ACE21 /* Main.storyboard */ = {
			isa = PBXVariantGroup;
			children = (
				E72ACC901D6EE28A001ACE21 /* Base */,
			);
			name = Main.storyboard;
			sourceTree = "<group>";
		};
/* End PBXVariantGroup section */

/* Begin XCBuildConfiguration section */
		E72ACC2D1D6EC362001ACE21 /* Debug */ = {
			isa = XCBuildConfiguration;
			buildSettings = {
				ALWAYS_SEARCH_USER_PATHS = NO;
				CLANG_ANALYZER_NONNULL = YES;
				CLANG_CXX_LANGUAGE_STANDARD = "gnu++0x";
				CLANG_CXX_LIBRARY = "libc++";
				CLANG_ENABLE_MODULES = YES;
				CLANG_ENABLE_OBJC_ARC = YES;
				CLANG_WARN_BOOL_CONVERSION = YES;
				CLANG_WARN_CONSTANT_CONVERSION = YES;
				CLANG_WARN_DIRECT_OBJC_ISA_USAGE = YES_ERROR;
				CLANG_WARN_EMPTY_BODY = YES;
				CLANG_WARN_ENUM_CONVERSION = YES;
				CLANG_WARN_INT_CONVERSION = YES;
				CLANG_WARN_OBJC_ROOT_CLASS = YES_ERROR;
				CLANG_WARN_UNREACHABLE_CODE = YES;
				CLANG_WARN__DUPLICATE_METHOD_MATCH = YES;
				"CODE_SIGN_IDENTITY[sdk=iphoneos*]" = "iPhone Developer";
				COPY_PHASE_STRIP = NO;
				DEBUG_INFORMATION_FORMAT = dwarf;
				ENABLE_STRICT_OBJC_MSGSEND = YES;
				ENABLE_TESTABILITY = YES;
				GCC_C_LANGUAGE_STANDARD = gnu99;
				GCC_DYNAMIC_NO_PIC = NO;
				GCC_NO_COMMON_BLOCKS = YES;
				GCC_OPTIMIZATION_LEVEL = 0;
				GCC_PREFIX_HEADER = "$(SRCROOT)/General/Expend/Macros/GeneralMacro.pch";
				GCC_PREPROCESSOR_DEFINITIONS = (
					"DEBUG=1",
					"$(inherited)",
				);
				GCC_WARN_64_TO_32_BIT_CONVERSION = YES;
				GCC_WARN_ABOUT_RETURN_TYPE = YES_ERROR;
				GCC_WARN_UNDECLARED_SELECTOR = YES;
				GCC_WARN_UNINITIALIZED_AUTOS = YES_AGGRESSIVE;
				GCC_WARN_UNUSED_FUNCTION = YES;
				GCC_WARN_UNUSED_VARIABLE = YES;
				IPHONEOS_DEPLOYMENT_TARGET = 9.3;
				MTL_ENABLE_DEBUG_INFO = YES;
				ONLY_ACTIVE_ARCH = YES;
				SDKROOT = iphoneos;
			};
			name = Debug;
		};
		E72ACC2E1D6EC362001ACE21 /* Release */ = {
			isa = XCBuildConfiguration;
			buildSettings = {
				ALWAYS_SEARCH_USER_PATHS = NO;
				CLANG_ANALYZER_NONNULL = YES;
				CLANG_CXX_LANGUAGE_STANDARD = "gnu++0x";
				CLANG_CXX_LIBRARY = "libc++";
				CLANG_ENABLE_MODULES = YES;
				CLANG_ENABLE_OBJC_ARC = YES;
				CLANG_WARN_BOOL_CONVERSION = YES;
				CLANG_WARN_CONSTANT_CONVERSION = YES;
				CLANG_WARN_DIRECT_OBJC_ISA_USAGE = YES_ERROR;
				CLANG_WARN_EMPTY_BODY = YES;
				CLANG_WARN_ENUM_CONVERSION = YES;
				CLANG_WARN_INT_CONVERSION = YES;
				CLANG_WARN_OBJC_ROOT_CLASS = YES_ERROR;
				CLANG_WARN_UNREACHABLE_CODE = YES;
				CLANG_WARN__DUPLICATE_METHOD_MATCH = YES;
				"CODE_SIGN_IDENTITY[sdk=iphoneos*]" = "iPhone Developer";
				COPY_PHASE_STRIP = NO;
				DEBUG_INFORMATION_FORMAT = "dwarf-with-dsym";
				ENABLE_NS_ASSERTIONS = NO;
				ENABLE_STRICT_OBJC_MSGSEND = YES;
				GCC_C_LANGUAGE_STANDARD = gnu99;
				GCC_NO_COMMON_BLOCKS = YES;
				GCC_PREFIX_HEADER = "$(SRCROOT)/General/Expend/Macros/GeneralMacro.pch";
				GCC_WARN_64_TO_32_BIT_CONVERSION = YES;
				GCC_WARN_ABOUT_RETURN_TYPE = YES_ERROR;
				GCC_WARN_UNDECLARED_SELECTOR = YES;
				GCC_WARN_UNINITIALIZED_AUTOS = YES_AGGRESSIVE;
				GCC_WARN_UNUSED_FUNCTION = YES;
				GCC_WARN_UNUSED_VARIABLE = YES;
				IPHONEOS_DEPLOYMENT_TARGET = 9.3;
				MTL_ENABLE_DEBUG_INFO = NO;
				SDKROOT = iphoneos;
				VALIDATE_PRODUCT = YES;
			};
			name = Release;
		};
		E72ACC301D6EC362001ACE21 /* Debug */ = {
			isa = XCBuildConfiguration;
			baseConfigurationReference = A18728D8AE4C8722CE01BB23 /* Pods-General.debug.xcconfig */;
			buildSettings = {
				ASSETCATALOG_COMPILER_APPICON_NAME = AppIcon;
				INFOPLIST_FILE = General/Info.plist;
				LD_RUNPATH_SEARCH_PATHS = "$(inherited) @executable_path/Frameworks";
				PRODUCT_BUNDLE_IDENTIFIER = com.huang.General;
				PRODUCT_NAME = "$(TARGET_NAME)";
			};
			name = Debug;
		};
		E72ACC311D6EC362001ACE21 /* Release */ = {
			isa = XCBuildConfiguration;
			baseConfigurationReference = E55B4B214EB6F693BDDA8B36 /* Pods-General.release.xcconfig */;
			buildSettings = {
				ASSETCATALOG_COMPILER_APPICON_NAME = AppIcon;
				INFOPLIST_FILE = General/Info.plist;
				LD_RUNPATH_SEARCH_PATHS = "$(inherited) @executable_path/Frameworks";
				PRODUCT_BUNDLE_IDENTIFIER = com.huang.General;
				PRODUCT_NAME = "$(TARGET_NAME)";
			};
			name = Release;
		};
/* End XCBuildConfiguration section */

/* Begin XCConfigurationList section */
		E72ACC131D6EC362001ACE21 /* Build configuration list for PBXProject "General" */ = {
			isa = XCConfigurationList;
			buildConfigurations = (
				E72ACC2D1D6EC362001ACE21 /* Debug */,
				E72ACC2E1D6EC362001ACE21 /* Release */,
			);
			defaultConfigurationIsVisible = 0;
			defaultConfigurationName = Release;
		};
		E72ACC2F1D6EC362001ACE21 /* Build configuration list for PBXNativeTarget "General" */ = {
			isa = XCConfigurationList;
			buildConfigurations = (
				E72ACC301D6EC362001ACE21 /* Debug */,
				E72ACC311D6EC362001ACE21 /* Release */,
			);
			defaultConfigurationIsVisible = 0;
			defaultConfigurationName = Release;
		};
/* End XCConfigurationList section */
	};
	rootObject = E72ACC101D6EC362001ACE21 /* Project object */;
}
